
Microsoft Visual Studio Solution File, Format Version 12.00
# Visual Studio 15
VisualStudioVersion = 15.0.26730.16
MinimumVisualStudioVersion = 10.0.40219.1
Project("{FAE04EC0-301F-11D3-BF4B-00C04F79EFBC}") = "ArticleApp", "ArticleApp\ArticleApp.csproj", "{9816DF7E-8E48-4009-A8D6-EAC9E4C4EDC7}"
EndProject
Project("{FAE04EC0-301F-11D3-BF4B-00C04F79EFBC}") = "ClientArticleApp", "ClientArticleApp\ClientArticleApp.csproj", "{F1F41C51-494C-4A6C-BA7F-DD263E22EACA}"
EndProject
Global
	GlobalSection(SolutionConfigurationPlatforms) = preSolution
		Debug|Any CPU = Debug|Any CPU
		Release|Any CPU = Release|Any CPU
	EndGlobalSection
	GlobalSection(ProjectConfigurationPlatforms) = postSolution
		{9816DF7E-8E48-4009-A8D6-EAC9E4C4EDC7}.Debug|Any CPU.ActiveCfg = Debug|Any CPU
		{9816DF7E-8E48-4009-A8D6-EAC9E4C4EDC7}.Debug|Any CPU.Build.0 = Debug|Any CPU
		{9816DF7E-8E48-4009-A8D6-EAC9E4C4EDC7}.Release|Any CPU.ActiveCfg = Release|Any CPU
		{9816DF7E-8E48-4009-A8D6-EAC9E4C4EDC7}.Release|Any CPU.Build.0 = Release|Any CPU
		{F1F41C51-494C-4A6C-BA7F-DD263E22EACA}.Debug|Any CPU.ActiveCfg = Debug|Any CPU
		{F1F41C51-494C-4A6C-BA7F-DD263E22EACA}.Debug|Any CPU.Build.0 = Debug|Any CPU
		{F1F41C51-494C-4A6C-BA7F-DD263E22EACA}.Release|Any CPU.ActiveCfg = Release|Any CPU
		{F1F41C51-494C-4A6C-BA7F-DD263E22EACA}.Release|Any CPU.Build.0 = Release|Any CPU
	EndGlobalSection
	GlobalSection(SolutionProperties) = preSolution
		HideSolutionNode = FALSE
	EndGlobalSection
	GlobalSection(ExtensibilityGlobals) = postSolution
		SolutionGuid = {E6383EDD-EC56-4589-A219-2778BD549E97}
	EndGlobalSection
EndGlobal
